
Microsoft Visual Studio Solution File, Format Version 12.00
# Visual Studio Version 17
VisualStudioVersion = 17.8.34322.80
MinimumVisualStudioVersion = 10.0.40219.1
Project("{FAE04EC0-301F-11D3-BF4B-00C04F79EFBC}") = "StudySphere API", "StudySphere API.csproj", "{F3679961-BDB0-41DC-B489-9117126DDA54}"
EndProject
Global
	GlobalSection(SolutionConfigurationPlatforms) = preSolution
		Debug|Any CPU = Debug|Any CPU
		Release|Any CPU = Release|Any CPU
	EndGlobalSection
	GlobalSection(ProjectConfigurationPlatforms) = postSolution
		{F3679961-BDB0-41DC-B489-9117126DDA54}.Debug|Any CPU.ActiveCfg = Debug|Any CPU
		{F3679961-BDB0-41DC-B489-9117126DDA54}.Debug|Any CPU.Build.0 = Debug|Any CPU
		{F3679961-BDB0-41DC-B489-9117126DDA54}.Release|Any CPU.ActiveCfg = Release|Any CPU
		{F3679961-BDB0-41DC-B489-9117126DDA54}.Release|Any CPU.Build.0 = Release|Any CPU
	EndGlobalSection
	GlobalSection(SolutionProperties) = preSolution
		HideSolutionNode = FALSE
	EndGlobalSection
	GlobalSection(ExtensibilityGlobals) = postSolution
		SolutionGuid = {1AFFAB62-66B7-4752-BEE4-5E6C9FCBD63C}
	EndGlobalSection
EndGlobal
